
Microsoft Visual Studio Solution File, Format Version 12.00
# Visual Studio 15
VisualStudioVersion = 15.0.27130.2020
MinimumVisualStudioVersion = 10.0.40219.1
Project("{9A19103F-16F7-4668-BE54-9A1E7A4F7556}") = "cois-api", "cois-api\cois-api.csproj", "{EF154176-108B-4DB5-8A9A-3D3697370D2B}"
EndProject
Project("{2150E333-8FDC-42A3-9474-1A3956D46DE8}") = "01-Models", "01-Models", "{B5CCBB3B-7DE6-4EB1-9044-6889297236CA}"
EndProject
Project("{2150E333-8FDC-42A3-9474-1A3956D46DE8}") = "02-Business", "02-Business", "{AA0F9D35-42DA-4854-829F-0064DD9495EA}"
EndProject
Project("{FAE04EC0-301F-11D3-BF4B-00C04F79EFBC}") = "COIS_Models", "COISModels\COIS_Models.csproj", "{339E5F86-5601-4CB7-98F0-6AEE9EE4CF6A}"
EndProject
Project("{FAE04EC0-301F-11D3-BF4B-00C04F79EFBC}") = "COIS_Business", "COISBusiness\COIS_Business.csproj", "{90EAAB74-85F4-488F-8624-D03AB965B441}"
EndProject
Project("{2150E333-8FDC-42A3-9474-1A3956D46DE8}") = "Utils", "Utils", "{FF4E5E79-4053-4357-98D9-DF4926AA478E}"
EndProject
Project("{FAE04EC0-301F-11D3-BF4B-00C04F79EFBC}") = "DependencyInjectionExtension", "DependencyInjectionExtension\DependencyInjectionExtension.csproj", "{00AD32BD-6B0C-4683-AAED-C3DA82A94305}"
EndProject
Project("{FAE04EC0-301F-11D3-BF4B-00C04F79EFBC}") = "UtilsDB", "UtilsDB\UtilsDB.csproj", "{D61A1518-36FC-4555-AEE7-E71B2666DA77}"
EndProject
Project("{FAE04EC0-301F-11D3-BF4B-00C04F79EFBC}") = "UtilsJson", "UtilsJson\UtilsJson.csproj", "{870009EB-1201-48E6-838C-075FCAD44F67}"
EndProject
Global
	GlobalSection(SolutionConfigurationPlatforms) = preSolution
		Debug|Any CPU = Debug|Any CPU
		Release|Any CPU = Release|Any CPU
	EndGlobalSection
	GlobalSection(ProjectConfigurationPlatforms) = postSolution
		{EF154176-108B-4DB5-8A9A-3D3697370D2B}.Debug|Any CPU.ActiveCfg = Debug|Any CPU
		{EF154176-108B-4DB5-8A9A-3D3697370D2B}.Debug|Any CPU.Build.0 = Debug|Any CPU
		{EF154176-108B-4DB5-8A9A-3D3697370D2B}.Release|Any CPU.ActiveCfg = Release|Any CPU
		{EF154176-108B-4DB5-8A9A-3D3697370D2B}.Release|Any CPU.Build.0 = Release|Any CPU
		{339E5F86-5601-4CB7-98F0-6AEE9EE4CF6A}.Debug|Any CPU.ActiveCfg = Debug|Any CPU
		{339E5F86-5601-4CB7-98F0-6AEE9EE4CF6A}.Debug|Any CPU.Build.0 = Debug|Any CPU
		{339E5F86-5601-4CB7-98F0-6AEE9EE4CF6A}.Release|Any CPU.ActiveCfg = Release|Any CPU
		{339E5F86-5601-4CB7-98F0-6AEE9EE4CF6A}.Release|Any CPU.Build.0 = Release|Any CPU
		{90EAAB74-85F4-488F-8624-D03AB965B441}.Debug|Any CPU.ActiveCfg = Debug|Any CPU
		{90EAAB74-85F4-488F-8624-D03AB965B441}.Debug|Any CPU.Build.0 = Debug|Any CPU
		{90EAAB74-85F4-488F-8624-D03AB965B441}.Release|Any CPU.ActiveCfg = Release|Any CPU
		{90EAAB74-85F4-488F-8624-D03AB965B441}.Release|Any CPU.Build.0 = Release|Any CPU
		{00AD32BD-6B0C-4683-AAED-C3DA82A94305}.Debug|Any CPU.ActiveCfg = Debug|Any CPU
		{00AD32BD-6B0C-4683-AAED-C3DA82A94305}.Debug|Any CPU.Build.0 = Debug|Any CPU
		{00AD32BD-6B0C-4683-AAED-C3DA82A94305}.Release|Any CPU.ActiveCfg = Release|Any CPU
		{00AD32BD-6B0C-4683-AAED-C3DA82A94305}.Release|Any CPU.Build.0 = Release|Any CPU
		{D61A1518-36FC-4555-AEE7-E71B2666DA77}.Debug|Any CPU.ActiveCfg = Debug|Any CPU
		{D61A1518-36FC-4555-AEE7-E71B2666DA77}.Debug|Any CPU.Build.0 = Debug|Any CPU
		{D61A1518-36FC-4555-AEE7-E71B2666DA77}.Release|Any CPU.ActiveCfg = Release|Any CPU
		{D61A1518-36FC-4555-AEE7-E71B2666DA77}.Release|Any CPU.Build.0 = Release|Any CPU
		{870009EB-1201-48E6-838C-075FCAD44F67}.Debug|Any CPU.ActiveCfg = Debug|Any CPU
		{870009EB-1201-48E6-838C-075FCAD44F67}.Debug|Any CPU.Build.0 = Debug|Any CPU
		{870009EB-1201-48E6-838C-075FCAD44F67}.Release|Any CPU.ActiveCfg = Release|Any CPU
		{870009EB-1201-48E6-838C-075FCAD44F67}.Release|Any CPU.Build.0 = Release|Any CPU
	EndGlobalSection
	GlobalSection(SolutionProperties) = preSolution
		HideSolutionNode = FALSE
	EndGlobalSection
	GlobalSection(NestedProjects) = preSolution
		{339E5F86-5601-4CB7-98F0-6AEE9EE4CF6A} = {B5CCBB3B-7DE6-4EB1-9044-6889297236CA}
		{90EAAB74-85F4-488F-8624-D03AB965B441} = {AA0F9D35-42DA-4854-829F-0064DD9495EA}
		{00AD32BD-6B0C-4683-AAED-C3DA82A94305} = {FF4E5E79-4053-4357-98D9-DF4926AA478E}
		{D61A1518-36FC-4555-AEE7-E71B2666DA77} = {FF4E5E79-4053-4357-98D9-DF4926AA478E}
		{870009EB-1201-48E6-838C-075FCAD44F67} = {FF4E5E79-4053-4357-98D9-DF4926AA478E}
	EndGlobalSection
	GlobalSection(ExtensibilityGlobals) = postSolution
		SolutionGuid = {32E719F1-A3F9-490F-96B8-7BAE9CF7C2BD}
	EndGlobalSection
EndGlobal
